
Microsoft Visual Studio Solution File, Format Version 12.00
# Visual Studio Version 16
VisualStudioVersion = 16.0.31112.23
MinimumVisualStudioVersion = 10.0.40219.1
Project("{FAE04EC0-301F-11D3-BF4B-00C04F79EFBC}") = "Registro con Autenticacion", "Registro con Autenticacion.csproj", "{B49C91DD-B8ED-4D55-B793-192CAF05E105}"
EndProject
Global
	GlobalSection(SolutionConfigurationPlatforms) = preSolution
		Debug|Any CPU = Debug|Any CPU
		Release|Any CPU = Release|Any CPU
	EndGlobalSection
	GlobalSection(ProjectConfigurationPlatforms) = postSolution
		{B49C91DD-B8ED-4D55-B793-192CAF05E105}.Debug|Any CPU.ActiveCfg = Debug|Any CPU
		{B49C91DD-B8ED-4D55-B793-192CAF05E105}.Debug|Any CPU.Build.0 = Debug|Any CPU
		{B49C91DD-B8ED-4D55-B793-192CAF05E105}.Release|Any CPU.ActiveCfg = Release|Any CPU
		{B49C91DD-B8ED-4D55-B793-192CAF05E105}.Release|Any CPU.Build.0 = Release|Any CPU
	EndGlobalSection
	GlobalSection(SolutionProperties) = preSolution
		HideSolutionNode = FALSE
	EndGlobalSection
	GlobalSection(ExtensibilityGlobals) = postSolution
		SolutionGuid = {DE232823-4994-4EC1-99FD-60E1A680D3D5}
	EndGlobalSection
EndGlobal
