
Microsoft Visual Studio Solution File, Format Version 12.00
# Visual Studio Version 16
VisualStudioVersion = 16.0.31911.196
MinimumVisualStudioVersion = 10.0.40219.1
Project("{FAE04EC0-301F-11D3-BF4B-00C04F79EFBC}") = "UtilizacionCookies", "UtilizacionCookies.csproj", "{9CCF6615-C81C-4303-A282-F0B439525525}"
EndProject
Global
	GlobalSection(SolutionConfigurationPlatforms) = preSolution
		Debug|Any CPU = Debug|Any CPU
		Release|Any CPU = Release|Any CPU
	EndGlobalSection
	GlobalSection(ProjectConfigurationPlatforms) = postSolution
		{9CCF6615-C81C-4303-A282-F0B439525525}.Debug|Any CPU.ActiveCfg = Debug|Any CPU
		{9CCF6615-C81C-4303-A282-F0B439525525}.Debug|Any CPU.Build.0 = Debug|Any CPU
		{9CCF6615-C81C-4303-A282-F0B439525525}.Release|Any CPU.ActiveCfg = Release|Any CPU
		{9CCF6615-C81C-4303-A282-F0B439525525}.Release|Any CPU.Build.0 = Release|Any CPU
	EndGlobalSection
	GlobalSection(SolutionProperties) = preSolution
		HideSolutionNode = FALSE
	EndGlobalSection
	GlobalSection(ExtensibilityGlobals) = postSolution
		SolutionGuid = {7C440CE9-EA2D-42F9-958D-180B8FE89686}
	EndGlobalSection
EndGlobal
